
Microsoft Visual Studio Solution File, Format Version 12.00
# Visual Studio 2013
VisualStudioVersion = 12.0.40629.0
MinimumVisualStudioVersion = 10.0.40219.1
Project("{FAE04EC0-301F-11D3-BF4B-00C04F79EFBC}") = "DZ_2", "DZ_2\DZ_2.csproj", "{21F2BECD-2F41-4DB0-A813-D482772951A5}"
EndProject
Project("{FAE04EC0-301F-11D3-BF4B-00C04F79EFBC}") = "BiisControlls", "BiisControllers\BiisControlls.csproj", "{207D5007-49C0-4592-B8CB-52D6DA4EFBD9}"
EndProject
Project("{FAE04EC0-301F-11D3-BF4B-00C04F79EFBC}") = "Utility", "Utility\Utility.csproj", "{6E2F979C-8A9A-4986-936B-BE60496EF94D}"
EndProject
Global
	GlobalSection(SolutionConfigurationPlatforms) = preSolution
		Debug|Any CPU = Debug|Any CPU
		Release|Any CPU = Release|Any CPU
	EndGlobalSection
	GlobalSection(ProjectConfigurationPlatforms) = postSolution
		{21F2BECD-2F41-4DB0-A813-D482772951A5}.Debug|Any CPU.ActiveCfg = Debug|Any CPU
		{21F2BECD-2F41-4DB0-A813-D482772951A5}.Debug|Any CPU.Build.0 = Debug|Any CPU
		{21F2BECD-2F41-4DB0-A813-D482772951A5}.Release|Any CPU.ActiveCfg = Release|Any CPU
		{21F2BECD-2F41-4DB0-A813-D482772951A5}.Release|Any CPU.Build.0 = Release|Any CPU
		{207D5007-49C0-4592-B8CB-52D6DA4EFBD9}.Debug|Any CPU.ActiveCfg = Debug|Any CPU
		{207D5007-49C0-4592-B8CB-52D6DA4EFBD9}.Debug|Any CPU.Build.0 = Debug|Any CPU
		{207D5007-49C0-4592-B8CB-52D6DA4EFBD9}.Release|Any CPU.ActiveCfg = Release|Any CPU
		{207D5007-49C0-4592-B8CB-52D6DA4EFBD9}.Release|Any CPU.Build.0 = Release|Any CPU
		{6E2F979C-8A9A-4986-936B-BE60496EF94D}.Debug|Any CPU.ActiveCfg = Debug|Any CPU
		{6E2F979C-8A9A-4986-936B-BE60496EF94D}.Debug|Any CPU.Build.0 = Debug|Any CPU
		{6E2F979C-8A9A-4986-936B-BE60496EF94D}.Release|Any CPU.ActiveCfg = Release|Any CPU
		{6E2F979C-8A9A-4986-936B-BE60496EF94D}.Release|Any CPU.Build.0 = Release|Any CPU
	EndGlobalSection
	GlobalSection(SolutionProperties) = preSolution
		HideSolutionNode = FALSE
	EndGlobalSection
EndGlobal
